{
  "version": 4,
  "terraform_version": "0.14.3",
  "serial": 2,
  "lineage": "3cc9541c-a55d-8fae-aa38-86c7641c6f49",
  "outputs": {},
  "resources": [
    {
      "mode": "managed",
      "type": "docker_image",
      "name": "nginx",
      "provider": "provider[\"registry.terraform.io/terraform-providers/docker\"]",
      "instances": [
        {
          "schema_version": 0,
          "attributes": {
            "id": "sha256:c39a868aad02a383c7e490e0fc4a5b0217f667f2de764bc2755e315a5adf64a1nginx:latest",
            "keep_locally": false,
            "latest": "sha256:c39a868aad02a383c7e490e0fc4a5b0217f667f2de764bc2755e315a5adf64a1",
            "name": "nginx:latest",
            "pull_trigger": null,
            "pull_triggers": null
          },
          "sensitive_attributes": [],
          "private": "bnVsbA=="
        }
      ]
    }
  ]
}
